
Microsoft Visual Studio Solution File, Format Version 12.00
# Visual Studio Version 17
VisualStudioVersion = 17.14.36414.22
MinimumVisualStudioVersion = 10.0.40219.1
Project("{8BC9CEB8-8B4A-11D0-8D11-00A0C91BC942}") = "Example 1", "Example 1\Example 1.vcxproj", "{FDD81F0F-DE61-4644-8690-04AC9464032D}"
EndProject
Project("{8BC9CEB8-8B4A-11D0-8D11-00A0C91BC942}") = "Example 2", "Example 2\Example 2.vcxproj", "{3EDC03B8-D012-4478-B4B8-ADC7D57C5ACB}"
EndProject
Project("{8BC9CEB8-8B4A-11D0-8D11-00A0C91BC942}") = "Task_1", "Task_1\Task_1.vcxproj", "{052B3C17-319B-4C2D-A2CC-86BA0FFBEEFF}"
EndProject
Project("{8BC9CEB8-8B4A-11D0-8D11-00A0C91BC942}") = "Task 2", "Task 2\Task 2.vcxproj", "{C34456AC-B1FF-492C-B110-33FC05B1CC24}"
EndProject
Project("{8BC9CEB8-8B4A-11D0-8D11-00A0C91BC942}") = "Task 3", "Task 3\Task 3.vcxproj", "{943789B6-696E-4AD6-9AB4-EBFD3511B1ED}"
EndProject
Global
	GlobalSection(SolutionConfigurationPlatforms) = preSolution
		Debug|x64 = Debug|x64
		Debug|x86 = Debug|x86
		Release|x64 = Release|x64
		Release|x86 = Release|x86
	EndGlobalSection
	GlobalSection(ProjectConfigurationPlatforms) = postSolution
		{FDD81F0F-DE61-4644-8690-04AC9464032D}.Debug|x64.ActiveCfg = Debug|x64
		{FDD81F0F-DE61-4644-8690-04AC9464032D}.Debug|x64.Build.0 = Debug|x64
		{FDD81F0F-DE61-4644-8690-04AC9464032D}.Debug|x86.ActiveCfg = Debug|Win32
		{FDD81F0F-DE61-4644-8690-04AC9464032D}.Debug|x86.Build.0 = Debug|Win32
		{FDD81F0F-DE61-4644-8690-04AC9464032D}.Release|x64.ActiveCfg = Release|x64
		{FDD81F0F-DE61-4644-8690-04AC9464032D}.Release|x64.Build.0 = Release|x64
		{FDD81F0F-DE61-4644-8690-04AC9464032D}.Release|x86.ActiveCfg = Release|Win32
		{FDD81F0F-DE61-4644-8690-04AC9464032D}.Release|x86.Build.0 = Release|Win32
		{3EDC03B8-D012-4478-B4B8-ADC7D57C5ACB}.Debug|x64.ActiveCfg = Debug|x64
		{3EDC03B8-D012-4478-B4B8-ADC7D57C5ACB}.Debug|x64.Build.0 = Debug|x64
		{3EDC03B8-D012-4478-B4B8-ADC7D57C5ACB}.Debug|x86.ActiveCfg = Debug|Win32
		{3EDC03B8-D012-4478-B4B8-ADC7D57C5ACB}.Debug|x86.Build.0 = Debug|Win32
		{3EDC03B8-D012-4478-B4B8-ADC7D57C5ACB}.Release|x64.ActiveCfg = Release|x64
		{3EDC03B8-D012-4478-B4B8-ADC7D57C5ACB}.Release|x64.Build.0 = Release|x64
		{3EDC03B8-D012-4478-B4B8-ADC7D57C5ACB}.Release|x86.ActiveCfg = Release|Win32
		{3EDC03B8-D012-4478-B4B8-ADC7D57C5ACB}.Release|x86.Build.0 = Release|Win32
		{052B3C17-319B-4C2D-A2CC-86BA0FFBEEFF}.Debug|x64.ActiveCfg = Debug|x64
		{052B3C17-319B-4C2D-A2CC-86BA0FFBEEFF}.Debug|x64.Build.0 = Debug|x64
		{052B3C17-319B-4C2D-A2CC-86BA0FFBEEFF}.Debug|x86.ActiveCfg = Debug|Win32
		{052B3C17-319B-4C2D-A2CC-86BA0FFBEEFF}.Debug|x86.Build.0 = Debug|Win32
		{052B3C17-319B-4C2D-A2CC-86BA0FFBEEFF}.Release|x64.ActiveCfg = Release|x64
		{052B3C17-319B-4C2D-A2CC-86BA0FFBEEFF}.Release|x64.Build.0 = Release|x64
		{052B3C17-319B-4C2D-A2CC-86BA0FFBEEFF}.Release|x86.ActiveCfg = Release|Win32
		{052B3C17-319B-4C2D-A2CC-86BA0FFBEEFF}.Release|x86.Build.0 = Release|Win32
		{C34456AC-B1FF-492C-B110-33FC05B1CC24}.Debug|x64.ActiveCfg = Debug|x64
		{C34456AC-B1FF-492C-B110-33FC05B1CC24}.Debug|x64.Build.0 = Debug|x64
		{C34456AC-B1FF-492C-B110-33FC05B1CC24}.Debug|x86.ActiveCfg = Debug|Win32
		{C34456AC-B1FF-492C-B110-33FC05B1CC24}.Debug|x86.Build.0 = Debug|Win32
		{C34456AC-B1FF-492C-B110-33FC05B1CC24}.Release|x64.ActiveCfg = Release|x64
		{C34456AC-B1FF-492C-B110-33FC05B1CC24}.Release|x64.Build.0 = Release|x64
		{C34456AC-B1FF-492C-B110-33FC05B1CC24}.Release|x86.ActiveCfg = Release|Win32
		{C34456AC-B1FF-492C-B110-33FC05B1CC24}.Release|x86.Build.0 = Release|Win32
		{943789B6-696E-4AD6-9AB4-EBFD3511B1ED}.Debug|x64.ActiveCfg = Debug|x64
		{943789B6-696E-4AD6-9AB4-EBFD3511B1ED}.Debug|x64.Build.0 = Debug|x64
		{943789B6-696E-4AD6-9AB4-EBFD3511B1ED}.Debug|x86.ActiveCfg = Debug|Win32
		{943789B6-696E-4AD6-9AB4-EBFD3511B1ED}.Debug|x86.Build.0 = Debug|Win32
		{943789B6-696E-4AD6-9AB4-EBFD3511B1ED}.Release|x64.ActiveCfg = Release|x64
		{943789B6-696E-4AD6-9AB4-EBFD3511B1ED}.Release|x64.Build.0 = Release|x64
		{943789B6-696E-4AD6-9AB4-EBFD3511B1ED}.Release|x86.ActiveCfg = Release|Win32
		{943789B6-696E-4AD6-9AB4-EBFD3511B1ED}.Release|x86.Build.0 = Release|Win32
	EndGlobalSection
	GlobalSection(SolutionProperties) = preSolution
		HideSolutionNode = FALSE
	EndGlobalSection
	GlobalSection(ExtensibilityGlobals) = postSolution
		SolutionGuid = {13FFFFEA-7E2B-4D0C-8694-9D462373ABB1}
	EndGlobalSection
EndGlobal
